
Microsoft Visual Studio Solution File, Format Version 12.00
# Visual Studio Version 17
VisualStudioVersion = 17.3.32922.545
MinimumVisualStudioVersion = 10.0.40219.1
Project("{FAE04EC0-301F-11D3-BF4B-00C04F79EFBC}") = "SharedModels", "SharedModels.csproj", "{7FF501F9-8259-4A8B-B340-74D93FA12E05}"
EndProject
Global
	GlobalSection(SolutionConfigurationPlatforms) = preSolution
		Debug|Any CPU = Debug|Any CPU
		Release|Any CPU = Release|Any CPU
	EndGlobalSection
	GlobalSection(ProjectConfigurationPlatforms) = postSolution
		{7FF501F9-8259-4A8B-B340-74D93FA12E05}.Debug|Any CPU.ActiveCfg = Debug|Any CPU
		{7FF501F9-8259-4A8B-B340-74D93FA12E05}.Debug|Any CPU.Build.0 = Debug|Any CPU
		{7FF501F9-8259-4A8B-B340-74D93FA12E05}.Release|Any CPU.ActiveCfg = Release|Any CPU
		{7FF501F9-8259-4A8B-B340-74D93FA12E05}.Release|Any CPU.Build.0 = Release|Any CPU
	EndGlobalSection
	GlobalSection(SolutionProperties) = preSolution
		HideSolutionNode = FALSE
	EndGlobalSection
	GlobalSection(ExtensibilityGlobals) = postSolution
		SolutionGuid = {4E779A82-EA10-4848-A13E-2B6C8C179996}
	EndGlobalSection
EndGlobal
