
Microsoft Visual Studio Solution File, Format Version 12.00
# Visual Studio Version 17
VisualStudioVersion = 17.3.32922.545
MinimumVisualStudioVersion = 10.0.40219.1
Project("{FAE04EC0-301F-11D3-BF4B-00C04F79EFBC}") = "WebApp", "WebApp.csproj", "{CE0509D4-CD2D-4459-BCCC-51ECFCA4FCCC}"
EndProject
Global
	GlobalSection(SolutionConfigurationPlatforms) = preSolution
		Debug|Any CPU = Debug|Any CPU
		Release|Any CPU = Release|Any CPU
	EndGlobalSection
	GlobalSection(ProjectConfigurationPlatforms) = postSolution
		{CE0509D4-CD2D-4459-BCCC-51ECFCA4FCCC}.Debug|Any CPU.ActiveCfg = Debug|Any CPU
		{CE0509D4-CD2D-4459-BCCC-51ECFCA4FCCC}.Debug|Any CPU.Build.0 = Debug|Any CPU
		{CE0509D4-CD2D-4459-BCCC-51ECFCA4FCCC}.Release|Any CPU.ActiveCfg = Release|Any CPU
		{CE0509D4-CD2D-4459-BCCC-51ECFCA4FCCC}.Release|Any CPU.Build.0 = Release|Any CPU
	EndGlobalSection
	GlobalSection(SolutionProperties) = preSolution
		HideSolutionNode = FALSE
	EndGlobalSection
	GlobalSection(ExtensibilityGlobals) = postSolution
		SolutionGuid = {CFD90DDD-B633-4CCF-8B9D-367B177F4EFA}
	EndGlobalSection
EndGlobal
