
Microsoft Visual Studio Solution File, Format Version 12.00
# Visual Studio Version 17
VisualStudioVersion = 17.3.32922.545
MinimumVisualStudioVersion = 10.0.40219.1
Project("{9A19103F-16F7-4668-BE54-9A1E7A4F7556}") = "SharedModels", "SharedModels\SharedModels.csproj", "{4C5A5C84-0FE4-46D1-A7BC-F216F926FF79}"
EndProject
Project("{9A19103F-16F7-4668-BE54-9A1E7A4F7556}") = "WebApi", "WebApi\WebApi.csproj", "{D50B2350-A766-44FD-8F0B-16985434760E}"
EndProject
Project("{9A19103F-16F7-4668-BE54-9A1E7A4F7556}") = "WebApp", "WebApp\WebApp.csproj", "{BF857DAD-C1A4-452A-906B-152CB6B30A57}"
EndProject
Project("{FAE04EC0-301F-11D3-BF4B-00C04F79EFBC}") = "GrpcClient", "GrpcClient\GrpcClient.csproj", "{FB6A69C3-D282-434F-8064-0967FEBD9466}"
EndProject
Project("{FAE04EC0-301F-11D3-BF4B-00C04F79EFBC}") = "GrpcService", "GrpcService\GrpcService.csproj", "{B5665399-E876-427F-8F63-BA5008C2CE80}"
EndProject
Global
	GlobalSection(SolutionConfigurationPlatforms) = preSolution
		Debug|Any CPU = Debug|Any CPU
		Release|Any CPU = Release|Any CPU
	EndGlobalSection
	GlobalSection(ProjectConfigurationPlatforms) = postSolution
		{4C5A5C84-0FE4-46D1-A7BC-F216F926FF79}.Debug|Any CPU.ActiveCfg = Debug|Any CPU
		{4C5A5C84-0FE4-46D1-A7BC-F216F926FF79}.Debug|Any CPU.Build.0 = Debug|Any CPU
		{4C5A5C84-0FE4-46D1-A7BC-F216F926FF79}.Release|Any CPU.ActiveCfg = Release|Any CPU
		{4C5A5C84-0FE4-46D1-A7BC-F216F926FF79}.Release|Any CPU.Build.0 = Release|Any CPU
		{D50B2350-A766-44FD-8F0B-16985434760E}.Debug|Any CPU.ActiveCfg = Debug|Any CPU
		{D50B2350-A766-44FD-8F0B-16985434760E}.Debug|Any CPU.Build.0 = Debug|Any CPU
		{D50B2350-A766-44FD-8F0B-16985434760E}.Release|Any CPU.ActiveCfg = Release|Any CPU
		{D50B2350-A766-44FD-8F0B-16985434760E}.Release|Any CPU.Build.0 = Release|Any CPU
		{BF857DAD-C1A4-452A-906B-152CB6B30A57}.Debug|Any CPU.ActiveCfg = Debug|Any CPU
		{BF857DAD-C1A4-452A-906B-152CB6B30A57}.Debug|Any CPU.Build.0 = Debug|Any CPU
		{BF857DAD-C1A4-452A-906B-152CB6B30A57}.Release|Any CPU.ActiveCfg = Release|Any CPU
		{BF857DAD-C1A4-452A-906B-152CB6B30A57}.Release|Any CPU.Build.0 = Release|Any CPU
		{FB6A69C3-D282-434F-8064-0967FEBD9466}.Debug|Any CPU.ActiveCfg = Debug|Any CPU
		{FB6A69C3-D282-434F-8064-0967FEBD9466}.Debug|Any CPU.Build.0 = Debug|Any CPU
		{FB6A69C3-D282-434F-8064-0967FEBD9466}.Release|Any CPU.ActiveCfg = Release|Any CPU
		{FB6A69C3-D282-434F-8064-0967FEBD9466}.Release|Any CPU.Build.0 = Release|Any CPU
		{B5665399-E876-427F-8F63-BA5008C2CE80}.Debug|Any CPU.ActiveCfg = Debug|Any CPU
		{B5665399-E876-427F-8F63-BA5008C2CE80}.Debug|Any CPU.Build.0 = Debug|Any CPU
		{B5665399-E876-427F-8F63-BA5008C2CE80}.Release|Any CPU.ActiveCfg = Release|Any CPU
		{B5665399-E876-427F-8F63-BA5008C2CE80}.Release|Any CPU.Build.0 = Release|Any CPU
	EndGlobalSection
	GlobalSection(SolutionProperties) = preSolution
		HideSolutionNode = FALSE
	EndGlobalSection
	GlobalSection(ExtensibilityGlobals) = postSolution
		SolutionGuid = {446EAC68-3533-48FB-8934-089437840337}
	EndGlobalSection
EndGlobal
